{
  "name": "yy-loop",
  "version": "0.2.0",
  "lockfileVersion": 1,
  "requires": true,
  "dependencies": {
    "eventemitter3": {
      "version": "2.0.3",
      "resolved": "https://registry.npmjs.org/eventemitter3/-/eventemitter3-2.0.3.tgz",
      "integrity": "sha1-teEHm1n7XhuidxwKmTvgYKWMmbo="
    },
    "fork-me-github": {
      "version": "1.0.3",
      "resolved": "https://registry.npmjs.org/fork-me-github/-/fork-me-github-1.0.3.tgz",
      "integrity": "sha512-Cuwgeov/RXIGgfdHwC6OA6hJ+4bHe2eFQOreydHvrLSgzsV9+x/+yUV0Rs/ejEoSlhuNMMOLzAJrxng6YbSXPg==",
      "dev": true
    },
    "highlight.js": {
      "version": "9.12.0",
      "resolved": "https://registry.npmjs.org/highlight.js/-/highlight.js-9.12.0.tgz",
      "integrity": "sha1-5tnb5Xy+/mB1HwKvM2GVhwyQwB4=",
      "dev": true
    },
    "tinycolor2": {
      "version": "1.4.1",
      "resolved": "https://registry.npmjs.org/tinycolor2/-/tinycolor2-1.4.1.tgz",
      "integrity": "sha1-9PrTM0R7wLB9TcjpIJ2POaisd+g="
    },
    "yy-fps": {
      "version": "0.3.1",
      "resolved": "https://registry.npmjs.org/yy-fps/-/yy-fps-0.3.1.tgz",
      "integrity": "sha512-yPEMgNcSpRm9id0APEi2BvM0HEo0TPYVFdEygazIX4tjuIxF5SJpZr9+e9K0X7MsZCxox1qeW4lsgQ5EvI+BHg==",
      "requires": {
        "tinycolor2": "1.4.1"
      }
    }
  }
}
